
Microsoft Visual Studio Solution File, Format Version 11.00
# Visual Studio 2010
Project("{FAE04EC0-301F-11D3-BF4B-00C04F79EFBC}") = "Roll a ball Game", "Assembly-CSharp-firstpass.csproj", "{4B39A67F-C4A6-F745-A6C7-8B883185668E}"
EndProject
Project("{FAE04EC0-301F-11D3-BF4B-00C04F79EFBC}") = "Roll a ball Game", "Assembly-CSharp.csproj", "{DA90D5DA-6409-E423-09E8-3C09F5CB1EA9}"
EndProject
Project("{FAE04EC0-301F-11D3-BF4B-00C04F79EFBC}") = "Roll a ball Game", "Assembly-CSharp-Editor.csproj", "{4A6C473B-EEBE-3EE9-BE73-CB37E482D6AF}"
EndProject
Global
	GlobalSection(SolutionConfigurationPlatforms) = preSolution
		Debug|Any CPU = Debug|Any CPU
		Release|Any CPU = Release|Any CPU
	EndGlobalSection
	GlobalSection(ProjectConfigurationPlatforms) = postSolution
		{4B39A67F-C4A6-F745-A6C7-8B883185668E}.Debug|Any CPU.ActiveCfg = Debug|Any CPU
		{4B39A67F-C4A6-F745-A6C7-8B883185668E}.Debug|Any CPU.Build.0 = Debug|Any CPU
		{4B39A67F-C4A6-F745-A6C7-8B883185668E}.Release|Any CPU.ActiveCfg = Release|Any CPU
		{4B39A67F-C4A6-F745-A6C7-8B883185668E}.Release|Any CPU.Build.0 = Release|Any CPU
		{DA90D5DA-6409-E423-09E8-3C09F5CB1EA9}.Debug|Any CPU.ActiveCfg = Debug|Any CPU
		{DA90D5DA-6409-E423-09E8-3C09F5CB1EA9}.Debug|Any CPU.Build.0 = Debug|Any CPU
		{DA90D5DA-6409-E423-09E8-3C09F5CB1EA9}.Release|Any CPU.ActiveCfg = Release|Any CPU
		{DA90D5DA-6409-E423-09E8-3C09F5CB1EA9}.Release|Any CPU.Build.0 = Release|Any CPU
		{4A6C473B-EEBE-3EE9-BE73-CB37E482D6AF}.Debug|Any CPU.ActiveCfg = Debug|Any CPU
		{4A6C473B-EEBE-3EE9-BE73-CB37E482D6AF}.Debug|Any CPU.Build.0 = Debug|Any CPU
		{4A6C473B-EEBE-3EE9-BE73-CB37E482D6AF}.Release|Any CPU.ActiveCfg = Release|Any CPU
		{4A6C473B-EEBE-3EE9-BE73-CB37E482D6AF}.Release|Any CPU.Build.0 = Release|Any CPU
	EndGlobalSection
	GlobalSection(SolutionProperties) = preSolution
		HideSolutionNode = FALSE
	EndGlobalSection
	GlobalSection(MonoDevelopProperties) = preSolution
		StartupItem = Assembly-CSharp.csproj
	EndGlobalSection
EndGlobal
